
Microsoft Visual Studio Solution File, Format Version 12.00
# Visual Studio Version 17
VisualStudioVersion = 17.12.35527.113
MinimumVisualStudioVersion = 10.0.40219.1
Project("{FAE04EC0-301F-11D3-BF4B-00C04F79EFBC}") = "HWPDotNetCore.ConsoleApp", "HWPDotNetCore.ConsoleApp\HWPDotNetCore.ConsoleApp.csproj", "{7314606B-BC1A-48C5-91F9-B5DCE30B48D2}"
EndProject
Project("{2150E333-8FDC-42A3-9474-1A3956D46DE8}") = "Documents", "Documents", "{B3260E3C-77FF-4B3D-B1F2-910EDFB7A53F}"
	ProjectSection(SolutionItems) = preProject
		README.md = README.md
	EndProjectSection
EndProject
Project("{FAE04EC0-301F-11D3-BF4B-00C04F79EFBC}") = "HWPDotNetCore.Database", "HWPDotNetCore.Database\HWPDotNetCore.Database.csproj", "{1AAF3034-5D4B-4CD7-970D-009BF5DE7D2C}"
EndProject
Project("{FAE04EC0-301F-11D3-BF4B-00C04F79EFBC}") = "HWPDotNetCore.ConsoleApp2", "HWPDotNetCore.ConsoleApp2\HWPDotNetCore.ConsoleApp2.csproj", "{2E853881-2B95-43E9-B92F-947063F4002E}"
EndProject
Project("{FAE04EC0-301F-11D3-BF4B-00C04F79EFBC}") = "HWPDotNetCore.RestApi", "HWPDotNetCore.RestApi\HWPDotNetCore.RestApi.csproj", "{81BAFF88-B0BE-4CEA-B1DD-85889994B9D0}"
EndProject
Global
	GlobalSection(SolutionConfigurationPlatforms) = preSolution
		Debug|Any CPU = Debug|Any CPU
		Release|Any CPU = Release|Any CPU
	EndGlobalSection
	GlobalSection(ProjectConfigurationPlatforms) = postSolution
		{7314606B-BC1A-48C5-91F9-B5DCE30B48D2}.Debug|Any CPU.ActiveCfg = Debug|Any CPU
		{7314606B-BC1A-48C5-91F9-B5DCE30B48D2}.Debug|Any CPU.Build.0 = Debug|Any CPU
		{7314606B-BC1A-48C5-91F9-B5DCE30B48D2}.Release|Any CPU.ActiveCfg = Release|Any CPU
		{7314606B-BC1A-48C5-91F9-B5DCE30B48D2}.Release|Any CPU.Build.0 = Release|Any CPU
		{1AAF3034-5D4B-4CD7-970D-009BF5DE7D2C}.Debug|Any CPU.ActiveCfg = Debug|Any CPU
		{1AAF3034-5D4B-4CD7-970D-009BF5DE7D2C}.Debug|Any CPU.Build.0 = Debug|Any CPU
		{1AAF3034-5D4B-4CD7-970D-009BF5DE7D2C}.Release|Any CPU.ActiveCfg = Release|Any CPU
		{1AAF3034-5D4B-4CD7-970D-009BF5DE7D2C}.Release|Any CPU.Build.0 = Release|Any CPU
		{2E853881-2B95-43E9-B92F-947063F4002E}.Debug|Any CPU.ActiveCfg = Debug|Any CPU
		{2E853881-2B95-43E9-B92F-947063F4002E}.Debug|Any CPU.Build.0 = Debug|Any CPU
		{2E853881-2B95-43E9-B92F-947063F4002E}.Release|Any CPU.ActiveCfg = Release|Any CPU
		{2E853881-2B95-43E9-B92F-947063F4002E}.Release|Any CPU.Build.0 = Release|Any CPU
		{81BAFF88-B0BE-4CEA-B1DD-85889994B9D0}.Debug|Any CPU.ActiveCfg = Debug|Any CPU
		{81BAFF88-B0BE-4CEA-B1DD-85889994B9D0}.Debug|Any CPU.Build.0 = Debug|Any CPU
		{81BAFF88-B0BE-4CEA-B1DD-85889994B9D0}.Release|Any CPU.ActiveCfg = Release|Any CPU
		{81BAFF88-B0BE-4CEA-B1DD-85889994B9D0}.Release|Any CPU.Build.0 = Release|Any CPU
	EndGlobalSection
	GlobalSection(SolutionProperties) = preSolution
		HideSolutionNode = FALSE
	EndGlobalSection
EndGlobal
